
Microsoft Visual Studio Solution File, Format Version 12.00
# Visual Studio 15
VisualStudioVersion = 15.0.28307.136
MinimumVisualStudioVersion = 10.0.40219.1
Project("{FAE04EC0-301F-11D3-BF4B-00C04F79EFBC}") = "ClassLibrary1", "ClassLibrary1\ClassLibrary1.csproj", "{407152D0-B73E-4B03-B704-CA0FB8ACE14C}"
EndProject
Project("{FAE04EC0-301F-11D3-BF4B-00C04F79EFBC}") = "UnitTestProject1", "UnitTestProject1\UnitTestProject1.csproj", "{A5960105-7DE8-40FB-9456-A84ED58787DF}"
EndProject
Global
	GlobalSection(SolutionConfigurationPlatforms) = preSolution
		Debug|Any CPU = Debug|Any CPU
		Release|Any CPU = Release|Any CPU
	EndGlobalSection
	GlobalSection(ProjectConfigurationPlatforms) = postSolution
		{407152D0-B73E-4B03-B704-CA0FB8ACE14C}.Debug|Any CPU.ActiveCfg = Debug|Any CPU
		{407152D0-B73E-4B03-B704-CA0FB8ACE14C}.Debug|Any CPU.Build.0 = Debug|Any CPU
		{407152D0-B73E-4B03-B704-CA0FB8ACE14C}.Release|Any CPU.ActiveCfg = Release|Any CPU
		{407152D0-B73E-4B03-B704-CA0FB8ACE14C}.Release|Any CPU.Build.0 = Release|Any CPU
		{A5960105-7DE8-40FB-9456-A84ED58787DF}.Debug|Any CPU.ActiveCfg = Debug|Any CPU
		{A5960105-7DE8-40FB-9456-A84ED58787DF}.Debug|Any CPU.Build.0 = Debug|Any CPU
		{A5960105-7DE8-40FB-9456-A84ED58787DF}.Release|Any CPU.ActiveCfg = Release|Any CPU
		{A5960105-7DE8-40FB-9456-A84ED58787DF}.Release|Any CPU.Build.0 = Release|Any CPU
	EndGlobalSection
	GlobalSection(SolutionProperties) = preSolution
		HideSolutionNode = FALSE
	EndGlobalSection
	GlobalSection(ExtensibilityGlobals) = postSolution
		SolutionGuid = {F21644AB-E802-47D8-87E1-20C180B85807}
	EndGlobalSection
EndGlobal
